
Microsoft Visual Studio Solution File, Format Version 12.00
# Visual Studio 15
VisualStudioVersion = 15.0.27703.2000
MinimumVisualStudioVersion = 10.0.40219.1
Project("{FAE04EC0-301F-11D3-BF4B-00C04F79EFBC}") = "eHotelsProject", "eHotelsProject\eHotelsProject.csproj", "{76211DA2-C316-4012-A2D1-AA0A249ADD46}"
EndProject
Global
	GlobalSection(SolutionConfigurationPlatforms) = preSolution
		Debug|Any CPU = Debug|Any CPU
		Release|Any CPU = Release|Any CPU
	EndGlobalSection
	GlobalSection(ProjectConfigurationPlatforms) = postSolution
		{76211DA2-C316-4012-A2D1-AA0A249ADD46}.Debug|Any CPU.ActiveCfg = Debug|Any CPU
		{76211DA2-C316-4012-A2D1-AA0A249ADD46}.Debug|Any CPU.Build.0 = Debug|Any CPU
		{76211DA2-C316-4012-A2D1-AA0A249ADD46}.Release|Any CPU.ActiveCfg = Release|Any CPU
		{76211DA2-C316-4012-A2D1-AA0A249ADD46}.Release|Any CPU.Build.0 = Release|Any CPU
	EndGlobalSection
	GlobalSection(SolutionProperties) = preSolution
		HideSolutionNode = FALSE
	EndGlobalSection
	GlobalSection(ExtensibilityGlobals) = postSolution
		SolutionGuid = {5AF2ED1D-A1F5-4DB9-B28A-1F5C6B04E758}
	EndGlobalSection
EndGlobal
